
Microsoft Visual Studio Solution File, Format Version 15.00
# Visual Studio 2017
Project("{FAE04EC0-301F-11D3-BF4B-00C04F79EFBC}") = "miraCakesApp", "miraCakesApp.csproj", "{9777B3E1-DA39-4014-8F22-B4949763DAAA}"
EndProject
Global
	GlobalSection(SolutionConfigurationPlatforms) = preSolution
		Debug|Any CPU = Debug|Any CPU
		Release|Any CPU = Release|Any CPU
	EndGlobalSection
	GlobalSection(ProjectConfigurationPlatforms) = postSolution
		{9777B3E1-DA39-4014-8F22-B4949763DAAA}.Debug|Any CPU.ActiveCfg = Debug|Any CPU
		{9777B3E1-DA39-4014-8F22-B4949763DAAA}.Debug|Any CPU.Build.0 = Debug|Any CPU
		{9777B3E1-DA39-4014-8F22-B4949763DAAA}.Release|Any CPU.ActiveCfg = Release|Any CPU
		{9777B3E1-DA39-4014-8F22-B4949763DAAA}.Release|Any CPU.Build.0 = Release|Any CPU
	EndGlobalSection
EndGlobal
